
Microsoft Visual Studio Solution File, Format Version 12.00
# Visual Studio 15
Project("{FAE04EC0-301F-11D3-BF4B-00C04F79EFBC}") = "saleDemo", "saleDemo\saleDemo.csproj", "{894FBC67-504E-47D9-A4B5-FF124EBB0BB4}"
EndProject
Global
	GlobalSection(SolutionConfigurationPlatforms) = preSolution
		Debug|Any CPU = Debug|Any CPU
		Release|Any CPU = Release|Any CPU
	EndGlobalSection
	GlobalSection(ProjectConfigurationPlatforms) = postSolution
		{894FBC67-504E-47D9-A4B5-FF124EBB0BB4}.Debug|Any CPU.ActiveCfg = Debug|Any CPU
		{894FBC67-504E-47D9-A4B5-FF124EBB0BB4}.Debug|Any CPU.Build.0 = Debug|Any CPU
		{894FBC67-504E-47D9-A4B5-FF124EBB0BB4}.Release|Any CPU.ActiveCfg = Release|Any CPU
		{894FBC67-504E-47D9-A4B5-FF124EBB0BB4}.Release|Any CPU.Build.0 = Release|Any CPU
	EndGlobalSection
EndGlobal
